
Microsoft Visual Studio Solution File, Format Version 12.00
# Visual Studio 15
VisualStudioVersion = 15.0.27703.2042
MinimumVisualStudioVersion = 10.0.40219.1
Project("{2150E333-8FDC-42A3-9474-1A3956D46DE8}") = "Foundation", "Foundation", "{6FD94707-38F9-48D8-A539-F4CDB9472139}"
EndProject
Project("{2150E333-8FDC-42A3-9474-1A3956D46DE8}") = "Feature", "Feature", "{2FC4A8B3-F070-4809-9298-707A3FA7E4A2}"
EndProject
Project("{2150E333-8FDC-42A3-9474-1A3956D46DE8}") = "Project", "Project", "{35C51F58-33DF-4990-BF2A-3341F4FD9160}"
EndProject
Project("{2150E333-8FDC-42A3-9474-1A3956D46DE8}") = "GenericCard", "GenericCard", "{7E097B22-29CB-4FE3-9D60-EB8594F5D233}"
EndProject
Project("{2150E333-8FDC-42A3-9474-1A3956D46DE8}") = ".tds", ".tds", "{DA663900-B936-43B1-920B-321DA3B677A0}"
	ProjectSection(SolutionItems) = preProject
		TdsGlobal.config = TdsGlobal.config
	EndProjectSection
EndProject
Project("{FAE04EC0-301F-11D3-BF4B-00C04F79EFBC}") = "ORMless.Project.Site", "src\Project\ORMless.Project.Site\code\ORMless.Project.Site.csproj", "{4238997B-1865-4AFE-B5D1-87DA3FF47E5D}"
EndProject
Project("{2150E333-8FDC-42A3-9474-1A3956D46DE8}") = "GenericCarousel", "GenericCarousel", "{16C776B3-856E-433A-AA84-713CD9C9449A}"
EndProject
Project("{FAE04EC0-301F-11D3-BF4B-00C04F79EFBC}") = "Feature.GenericCarousel", "src\Feature\GenericCarousel\code\Feature.GenericCarousel.csproj", "{CAC94A92-A68D-4DD6-A2B3-3C323D431646}"
EndProject
Project("{CAA73BB0-EF22-4D79-A57E-DF67B3BA9C80}") = "Feature.GenericCarousel.Tds", "src\Feature\GenericCarousel\serialization\Feature.GenericCarousel.Tds.scproj", "{CEA346F1-8C5C-4ABE-A1F3-88D5ECA30906}"
EndProject
Project("{2150E333-8FDC-42A3-9474-1A3956D46DE8}") = "TwoColumnsStructuralRendering", "TwoColumnsStructuralRendering", "{97F7EB2A-B701-4924-A9FA-7741804BCADF}"
EndProject
Project("{FAE04EC0-301F-11D3-BF4B-00C04F79EFBC}") = "Feature.TwoColumnsStructuralRendering", "src\Feature\TwoColumnsStructuralRendering\code\Feature.TwoColumnsStructuralRendering.csproj", "{D0169FAF-961A-47BE-949A-1341D6BD2D30}"
EndProject
Project("{2150E333-8FDC-42A3-9474-1A3956D46DE8}") = "DependencyInjection", "DependencyInjection", "{953CBEAF-26CE-4F93-A431-DC5EB15A9EDD}"
EndProject
Project("{FAE04EC0-301F-11D3-BF4B-00C04F79EFBC}") = "Foundation.DependencyInjection", "src\Foundation\DependencyInjection\code\Foundation.DependencyInjection.csproj", "{8DA0C986-3C5C-4402-AB07-A0C44EDCD1AD}"
EndProject
Project("{2150E333-8FDC-42A3-9474-1A3956D46DE8}") = "NavigationLink", "NavigationLink", "{E36EB487-7AAA-4AF8-80F8-43276E97EF0C}"
EndProject
Project("{2150E333-8FDC-42A3-9474-1A3956D46DE8}") = "Configuration", "Configuration", "{0228E3F9-752F-4CE5-A17E-7559B3987F65}"
	ProjectSection(SolutionItems) = preProject
		.gitignore = .gitignore
		gulp-config.js = gulp-config.js
		gulpfile.js = gulpfile.js
		package.json = package.json
		plopfile.js = plopfile.js
	EndProjectSection
EndProject
Project("{2150E333-8FDC-42A3-9474-1A3956D46DE8}") = "BaseClasses", "BaseClasses", "{8BE77B7E-3920-4F31-A4B8-3B5A8587B8CF}"
EndProject
Project("{FAE04EC0-301F-11D3-BF4B-00C04F79EFBC}") = "Foundation.BaseClasses", "src\Foundation\BaseClasses\code\Foundation.BaseClasses.csproj", "{CCDAC566-CD64-46B6-B9D5-07151916D0C4}"
EndProject
Project("{2150E333-8FDC-42A3-9474-1A3956D46DE8}") = "Extensions", "Extensions", "{6BA5B190-7257-4366-B0A4-F6FDF3038C94}"
EndProject
Project("{FAE04EC0-301F-11D3-BF4B-00C04F79EFBC}") = "Foundation.Extensions", "src\Foundation\Extensions\code\Foundation.Extensions.csproj", "{2FB5E67D-388B-406C-A82D-23E335730A3B}"
EndProject
Project("{2150E333-8FDC-42A3-9474-1A3956D46DE8}") = "SharedContent", "SharedContent", "{F0F32B21-F316-4DC9-8948-8869B810614F}"
EndProject
Project("{2150E333-8FDC-42A3-9474-1A3956D46DE8}") = "Site", "Site", "{9C46E855-F49C-43C3-B4D8-8CBF7DD1D947}"
EndProject
Project("{2150E333-8FDC-42A3-9474-1A3956D46DE8}") = "TextContent", "TextContent", "{C779BE0F-E932-4DF8-B583-7293634DD78F}"
EndProject
Project("{FAE04EC0-301F-11D3-BF4B-00C04F79EFBC}") = "Feature.GenericCard", "src\Feature\GenericCard\code\Feature.GenericCard.csproj", "{4A4F29F6-F858-2B01-9AAD-C5049B5E0F2A}"
EndProject
Project("{CAA73BB0-EF22-4D79-A57E-DF67B3BA9C80}") = "Feature.GenericCard.Tds", "src\Feature\GenericCard\serialization\Feature.GenericCard.Tds.scproj", "{6D38D02D-40E7-71DD-71E8-665C6493D194}"
EndProject
Project("{FAE04EC0-301F-11D3-BF4B-00C04F79EFBC}") = "Foundation.NavigationLink", "src\Foundation\NavigationLink\code\Foundation.NavigationLink.csproj", "{C3782095-6BB8-0E73-6F08-492195B33625}"
EndProject
Project("{CAA73BB0-EF22-4D79-A57E-DF67B3BA9C80}") = "Foundation.NavigationLink.Tds", "src\Foundation\NavigationLink\serialization\Foundation.NavigationLink.Tds.scproj", "{D1BBA3FD-0667-7705-1F29-457A96AD502D}"
EndProject
Project("{FAE04EC0-301F-11D3-BF4B-00C04F79EFBC}") = "Foundation.SharedContent", "src\Foundation\SharedContent\code\Foundation.SharedContent.csproj", "{81EBC5F4-52A3-ECFF-EF60-28E2238D2E91}"
EndProject
Project("{CAA73BB0-EF22-4D79-A57E-DF67B3BA9C80}") = "Foundation.SharedContent.Tds", "src\Foundation\SharedContent\serialization\Foundation.SharedContent.Tds.scproj", "{9860444D-8A92-5835-6FF8-EC2642625E83}"
EndProject
Project("{FAE04EC0-301F-11D3-BF4B-00C04F79EFBC}") = "Foundation.Site", "src\Foundation\Site\code\Foundation.Site.csproj", "{7937EC24-71E5-9768-A6F3-56ADEF55C869}"
EndProject
Project("{CAA73BB0-EF22-4D79-A57E-DF67B3BA9C80}") = "Foundation.Site.Tds", "src\Foundation\Site\serialization\Foundation.Site.Tds.scproj", "{4BB9927C-31F5-32BD-A3B7-D3063EB6D281}"
EndProject
Project("{FAE04EC0-301F-11D3-BF4B-00C04F79EFBC}") = "Foundation.TextContent", "src\Foundation\TextContent\code\Foundation.TextContent.csproj", "{F63E67CB-2FC4-07C4-A45A-A78756263DC9}"
EndProject
Project("{CAA73BB0-EF22-4D79-A57E-DF67B3BA9C80}") = "Foundation.TextContent.Tds", "src\Foundation\TextContent\serialization\Foundation.TextContent.Tds.scproj", "{608C64A9-807F-8278-2721-FDB7F7C98BCF}"
EndProject
Project("{2150E333-8FDC-42A3-9474-1A3956D46DE8}") = "Serialization", "Serialization", "{BEBF0C12-808D-4B15-BFE4-5B5977FAC4B6}"
EndProject
Project("{CAA73BB0-EF22-4D79-A57E-DF67B3BA9C80}") = "Foundation.Serialization", "src\Foundation\Serialization\serialization\Foundation.Serialization.scproj", "{68766C11-E4D0-42AE-B7F2-832515229F3C}"
EndProject
Global
	GlobalSection(SolutionConfigurationPlatforms) = preSolution
		Debug|Any CPU = Debug|Any CPU
		Release|Any CPU = Release|Any CPU
	EndGlobalSection
	GlobalSection(ProjectConfigurationPlatforms) = postSolution
		{4238997B-1865-4AFE-B5D1-87DA3FF47E5D}.Debug|Any CPU.ActiveCfg = Debug|Any CPU
		{4238997B-1865-4AFE-B5D1-87DA3FF47E5D}.Debug|Any CPU.Build.0 = Debug|Any CPU
		{4238997B-1865-4AFE-B5D1-87DA3FF47E5D}.Release|Any CPU.ActiveCfg = Release|Any CPU
		{4238997B-1865-4AFE-B5D1-87DA3FF47E5D}.Release|Any CPU.Build.0 = Release|Any CPU
		{CAC94A92-A68D-4DD6-A2B3-3C323D431646}.Debug|Any CPU.ActiveCfg = Debug|Any CPU
		{CAC94A92-A68D-4DD6-A2B3-3C323D431646}.Debug|Any CPU.Build.0 = Debug|Any CPU
		{CAC94A92-A68D-4DD6-A2B3-3C323D431646}.Release|Any CPU.ActiveCfg = Release|Any CPU
		{CAC94A92-A68D-4DD6-A2B3-3C323D431646}.Release|Any CPU.Build.0 = Release|Any CPU
		{CEA346F1-8C5C-4ABE-A1F3-88D5ECA30906}.Debug|Any CPU.ActiveCfg = Debug|Any CPU
		{CEA346F1-8C5C-4ABE-A1F3-88D5ECA30906}.Release|Any CPU.ActiveCfg = Release|Any CPU
		{CEA346F1-8C5C-4ABE-A1F3-88D5ECA30906}.Release|Any CPU.Build.0 = Release|Any CPU
		{CEA346F1-8C5C-4ABE-A1F3-88D5ECA30906}.Release|Any CPU.Deploy.0 = Release|Any CPU
		{D0169FAF-961A-47BE-949A-1341D6BD2D30}.Debug|Any CPU.ActiveCfg = Debug|Any CPU
		{D0169FAF-961A-47BE-949A-1341D6BD2D30}.Debug|Any CPU.Build.0 = Debug|Any CPU
		{D0169FAF-961A-47BE-949A-1341D6BD2D30}.Release|Any CPU.ActiveCfg = Release|Any CPU
		{D0169FAF-961A-47BE-949A-1341D6BD2D30}.Release|Any CPU.Build.0 = Release|Any CPU
		{8DA0C986-3C5C-4402-AB07-A0C44EDCD1AD}.Debug|Any CPU.ActiveCfg = Debug|Any CPU
		{8DA0C986-3C5C-4402-AB07-A0C44EDCD1AD}.Debug|Any CPU.Build.0 = Debug|Any CPU
		{8DA0C986-3C5C-4402-AB07-A0C44EDCD1AD}.Release|Any CPU.ActiveCfg = Release|Any CPU
		{8DA0C986-3C5C-4402-AB07-A0C44EDCD1AD}.Release|Any CPU.Build.0 = Release|Any CPU
		{CCDAC566-CD64-46B6-B9D5-07151916D0C4}.Debug|Any CPU.ActiveCfg = Debug|Any CPU
		{CCDAC566-CD64-46B6-B9D5-07151916D0C4}.Debug|Any CPU.Build.0 = Debug|Any CPU
		{CCDAC566-CD64-46B6-B9D5-07151916D0C4}.Release|Any CPU.ActiveCfg = Release|Any CPU
		{CCDAC566-CD64-46B6-B9D5-07151916D0C4}.Release|Any CPU.Build.0 = Release|Any CPU
		{2FB5E67D-388B-406C-A82D-23E335730A3B}.Debug|Any CPU.ActiveCfg = Debug|Any CPU
		{2FB5E67D-388B-406C-A82D-23E335730A3B}.Debug|Any CPU.Build.0 = Debug|Any CPU
		{2FB5E67D-388B-406C-A82D-23E335730A3B}.Release|Any CPU.ActiveCfg = Release|Any CPU
		{2FB5E67D-388B-406C-A82D-23E335730A3B}.Release|Any CPU.Build.0 = Release|Any CPU
		{4A4F29F6-F858-2B01-9AAD-C5049B5E0F2A}.Debug|Any CPU.ActiveCfg = Debug|Any CPU
		{4A4F29F6-F858-2B01-9AAD-C5049B5E0F2A}.Debug|Any CPU.Build.0 = Debug|Any CPU
		{4A4F29F6-F858-2B01-9AAD-C5049B5E0F2A}.Release|Any CPU.ActiveCfg = Release|Any CPU
		{4A4F29F6-F858-2B01-9AAD-C5049B5E0F2A}.Release|Any CPU.Build.0 = Release|Any CPU
		{6D38D02D-40E7-71DD-71E8-665C6493D194}.Debug|Any CPU.ActiveCfg = Debug|Any CPU
		{6D38D02D-40E7-71DD-71E8-665C6493D194}.Release|Any CPU.ActiveCfg = Release|Any CPU
		{6D38D02D-40E7-71DD-71E8-665C6493D194}.Release|Any CPU.Build.0 = Release|Any CPU
		{6D38D02D-40E7-71DD-71E8-665C6493D194}.Release|Any CPU.Deploy.0 = Release|Any CPU
		{C3782095-6BB8-0E73-6F08-492195B33625}.Debug|Any CPU.ActiveCfg = Debug|Any CPU
		{C3782095-6BB8-0E73-6F08-492195B33625}.Debug|Any CPU.Build.0 = Debug|Any CPU
		{C3782095-6BB8-0E73-6F08-492195B33625}.Release|Any CPU.ActiveCfg = Release|Any CPU
		{C3782095-6BB8-0E73-6F08-492195B33625}.Release|Any CPU.Build.0 = Release|Any CPU
		{D1BBA3FD-0667-7705-1F29-457A96AD502D}.Debug|Any CPU.ActiveCfg = Debug|Any CPU
		{D1BBA3FD-0667-7705-1F29-457A96AD502D}.Release|Any CPU.ActiveCfg = Release|Any CPU
		{D1BBA3FD-0667-7705-1F29-457A96AD502D}.Release|Any CPU.Build.0 = Release|Any CPU
		{D1BBA3FD-0667-7705-1F29-457A96AD502D}.Release|Any CPU.Deploy.0 = Release|Any CPU
		{81EBC5F4-52A3-ECFF-EF60-28E2238D2E91}.Debug|Any CPU.ActiveCfg = Debug|Any CPU
		{81EBC5F4-52A3-ECFF-EF60-28E2238D2E91}.Debug|Any CPU.Build.0 = Debug|Any CPU
		{81EBC5F4-52A3-ECFF-EF60-28E2238D2E91}.Release|Any CPU.ActiveCfg = Release|Any CPU
		{81EBC5F4-52A3-ECFF-EF60-28E2238D2E91}.Release|Any CPU.Build.0 = Release|Any CPU
		{9860444D-8A92-5835-6FF8-EC2642625E83}.Debug|Any CPU.ActiveCfg = Debug|Any CPU
		{9860444D-8A92-5835-6FF8-EC2642625E83}.Release|Any CPU.ActiveCfg = Release|Any CPU
		{9860444D-8A92-5835-6FF8-EC2642625E83}.Release|Any CPU.Build.0 = Release|Any CPU
		{9860444D-8A92-5835-6FF8-EC2642625E83}.Release|Any CPU.Deploy.0 = Release|Any CPU
		{7937EC24-71E5-9768-A6F3-56ADEF55C869}.Debug|Any CPU.ActiveCfg = Debug|Any CPU
		{7937EC24-71E5-9768-A6F3-56ADEF55C869}.Debug|Any CPU.Build.0 = Debug|Any CPU
		{7937EC24-71E5-9768-A6F3-56ADEF55C869}.Release|Any CPU.ActiveCfg = Release|Any CPU
		{7937EC24-71E5-9768-A6F3-56ADEF55C869}.Release|Any CPU.Build.0 = Release|Any CPU
		{4BB9927C-31F5-32BD-A3B7-D3063EB6D281}.Debug|Any CPU.ActiveCfg = Debug|Any CPU
		{4BB9927C-31F5-32BD-A3B7-D3063EB6D281}.Release|Any CPU.ActiveCfg = Release|Any CPU
		{4BB9927C-31F5-32BD-A3B7-D3063EB6D281}.Release|Any CPU.Build.0 = Release|Any CPU
		{4BB9927C-31F5-32BD-A3B7-D3063EB6D281}.Release|Any CPU.Deploy.0 = Release|Any CPU
		{F63E67CB-2FC4-07C4-A45A-A78756263DC9}.Debug|Any CPU.ActiveCfg = Debug|Any CPU
		{F63E67CB-2FC4-07C4-A45A-A78756263DC9}.Debug|Any CPU.Build.0 = Debug|Any CPU
		{F63E67CB-2FC4-07C4-A45A-A78756263DC9}.Release|Any CPU.ActiveCfg = Release|Any CPU
		{F63E67CB-2FC4-07C4-A45A-A78756263DC9}.Release|Any CPU.Build.0 = Release|Any CPU
		{608C64A9-807F-8278-2721-FDB7F7C98BCF}.Debug|Any CPU.ActiveCfg = Debug|Any CPU
		{608C64A9-807F-8278-2721-FDB7F7C98BCF}.Release|Any CPU.ActiveCfg = Release|Any CPU
		{608C64A9-807F-8278-2721-FDB7F7C98BCF}.Release|Any CPU.Build.0 = Release|Any CPU
		{608C64A9-807F-8278-2721-FDB7F7C98BCF}.Release|Any CPU.Deploy.0 = Release|Any CPU
		{68766C11-E4D0-42AE-B7F2-832515229F3C}.Debug|Any CPU.ActiveCfg = Debug|Any CPU
		{68766C11-E4D0-42AE-B7F2-832515229F3C}.Release|Any CPU.ActiveCfg = Release|Any CPU
		{68766C11-E4D0-42AE-B7F2-832515229F3C}.Release|Any CPU.Build.0 = Release|Any CPU
		{68766C11-E4D0-42AE-B7F2-832515229F3C}.Release|Any CPU.Deploy.0 = Release|Any CPU
	EndGlobalSection
	GlobalSection(SolutionProperties) = preSolution
		HideSolutionNode = FALSE
	EndGlobalSection
	GlobalSection(NestedProjects) = preSolution
		{7E097B22-29CB-4FE3-9D60-EB8594F5D233} = {2FC4A8B3-F070-4809-9298-707A3FA7E4A2}
		{4238997B-1865-4AFE-B5D1-87DA3FF47E5D} = {35C51F58-33DF-4990-BF2A-3341F4FD9160}
		{16C776B3-856E-433A-AA84-713CD9C9449A} = {2FC4A8B3-F070-4809-9298-707A3FA7E4A2}
		{CAC94A92-A68D-4DD6-A2B3-3C323D431646} = {16C776B3-856E-433A-AA84-713CD9C9449A}
		{CEA346F1-8C5C-4ABE-A1F3-88D5ECA30906} = {16C776B3-856E-433A-AA84-713CD9C9449A}
		{97F7EB2A-B701-4924-A9FA-7741804BCADF} = {2FC4A8B3-F070-4809-9298-707A3FA7E4A2}
		{D0169FAF-961A-47BE-949A-1341D6BD2D30} = {97F7EB2A-B701-4924-A9FA-7741804BCADF}
		{953CBEAF-26CE-4F93-A431-DC5EB15A9EDD} = {6FD94707-38F9-48D8-A539-F4CDB9472139}
		{8DA0C986-3C5C-4402-AB07-A0C44EDCD1AD} = {953CBEAF-26CE-4F93-A431-DC5EB15A9EDD}
		{E36EB487-7AAA-4AF8-80F8-43276E97EF0C} = {6FD94707-38F9-48D8-A539-F4CDB9472139}
		{8BE77B7E-3920-4F31-A4B8-3B5A8587B8CF} = {6FD94707-38F9-48D8-A539-F4CDB9472139}
		{CCDAC566-CD64-46B6-B9D5-07151916D0C4} = {8BE77B7E-3920-4F31-A4B8-3B5A8587B8CF}
		{6BA5B190-7257-4366-B0A4-F6FDF3038C94} = {6FD94707-38F9-48D8-A539-F4CDB9472139}
		{2FB5E67D-388B-406C-A82D-23E335730A3B} = {6BA5B190-7257-4366-B0A4-F6FDF3038C94}
		{F0F32B21-F316-4DC9-8948-8869B810614F} = {6FD94707-38F9-48D8-A539-F4CDB9472139}
		{9C46E855-F49C-43C3-B4D8-8CBF7DD1D947} = {6FD94707-38F9-48D8-A539-F4CDB9472139}
		{C779BE0F-E932-4DF8-B583-7293634DD78F} = {6FD94707-38F9-48D8-A539-F4CDB9472139}
		{4A4F29F6-F858-2B01-9AAD-C5049B5E0F2A} = {7E097B22-29CB-4FE3-9D60-EB8594F5D233}
		{6D38D02D-40E7-71DD-71E8-665C6493D194} = {7E097B22-29CB-4FE3-9D60-EB8594F5D233}
		{C3782095-6BB8-0E73-6F08-492195B33625} = {E36EB487-7AAA-4AF8-80F8-43276E97EF0C}
		{D1BBA3FD-0667-7705-1F29-457A96AD502D} = {E36EB487-7AAA-4AF8-80F8-43276E97EF0C}
		{81EBC5F4-52A3-ECFF-EF60-28E2238D2E91} = {F0F32B21-F316-4DC9-8948-8869B810614F}
		{9860444D-8A92-5835-6FF8-EC2642625E83} = {F0F32B21-F316-4DC9-8948-8869B810614F}
		{7937EC24-71E5-9768-A6F3-56ADEF55C869} = {9C46E855-F49C-43C3-B4D8-8CBF7DD1D947}
		{4BB9927C-31F5-32BD-A3B7-D3063EB6D281} = {9C46E855-F49C-43C3-B4D8-8CBF7DD1D947}
		{F63E67CB-2FC4-07C4-A45A-A78756263DC9} = {C779BE0F-E932-4DF8-B583-7293634DD78F}
		{608C64A9-807F-8278-2721-FDB7F7C98BCF} = {C779BE0F-E932-4DF8-B583-7293634DD78F}
		{BEBF0C12-808D-4B15-BFE4-5B5977FAC4B6} = {6FD94707-38F9-48D8-A539-F4CDB9472139}
		{68766C11-E4D0-42AE-B7F2-832515229F3C} = {BEBF0C12-808D-4B15-BFE4-5B5977FAC4B6}
	EndGlobalSection
	GlobalSection(ExtensibilityGlobals) = postSolution
		SolutionGuid = {CCBEDC02-CB37-4131-B705-ABC4CD6E1B25}
	EndGlobalSection
EndGlobal
