
Microsoft Visual Studio Solution File, Format Version 12.00
# Visual Studio 15
VisualStudioVersion = 15.0.27703.2042
MinimumVisualStudioVersion = 10.0.40219.1
Project("{2150E333-8FDC-42A3-9474-1A3956D46DE8}") = "Foundation", "Foundation", "{6FD94707-38F9-48D8-A539-F4CDB9472139}"
EndProject
Project("{2150E333-8FDC-42A3-9474-1A3956D46DE8}") = "Feature", "Feature", "{2FC4A8B3-F070-4809-9298-707A3FA7E4A2}"
EndProject
Project("{2150E333-8FDC-42A3-9474-1A3956D46DE8}") = "Project", "Project", "{35C51F58-33DF-4990-BF2A-3341F4FD9160}"
EndProject
Project("{2150E333-8FDC-42A3-9474-1A3956D46DE8}") = "GenericCard", "GenericCard", "{7E097B22-29CB-4FE3-9D60-EB8594F5D233}"
EndProject
Project("{2150E333-8FDC-42A3-9474-1A3956D46DE8}") = ".tds", ".tds", "{DA663900-B936-43B1-920B-321DA3B677A0}"
	ProjectSection(SolutionItems) = preProject
		TdsGlobal.config = TdsGlobal.config
	EndProjectSection
EndProject
Project("{2150E333-8FDC-42A3-9474-1A3956D46DE8}") = "GenericCarousel", "GenericCarousel", "{16C776B3-856E-433A-AA84-713CD9C9449A}"
EndProject
Project("{FAE04EC0-301F-11D3-BF4B-00C04F79EFBC}") = "Feature.GenericCarousel", "src\Feature\GenericCarousel\code\Feature.GenericCarousel.csproj", "{CAC94A92-A68D-4DD6-A2B3-3C323D431646}"
EndProject
Project("{CAA73BB0-EF22-4D79-A57E-DF67B3BA9C80}") = "Feature.GenericCarousel.Tds", "src\Feature\GenericCarousel\serialization\Feature.GenericCarousel.Tds.scproj", "{CEA346F1-8C5C-4ABE-A1F3-88D5ECA30906}"
EndProject
Project("{2150E333-8FDC-42A3-9474-1A3956D46DE8}") = "TwoColumnsStructuralRendering", "TwoColumnsStructuralRendering", "{97F7EB2A-B701-4924-A9FA-7741804BCADF}"
EndProject
Project("{FAE04EC0-301F-11D3-BF4B-00C04F79EFBC}") = "Feature.TwoColumnsStructuralRendering", "src\Feature\TwoColumnsStructuralRendering\code\Feature.TwoColumnsStructuralRendering.csproj", "{D0169FAF-961A-47BE-949A-1341D6BD2D30}"
EndProject
Project("{2150E333-8FDC-42A3-9474-1A3956D46DE8}") = "DependencyInjection", "DependencyInjection", "{953CBEAF-26CE-4F93-A431-DC5EB15A9EDD}"
EndProject
Project("{FAE04EC0-301F-11D3-BF4B-00C04F79EFBC}") = "Foundation.DependencyInjection", "src\Foundation\DependencyInjection\code\Foundation.DependencyInjection.csproj", "{8DA0C986-3C5C-4402-AB07-A0C44EDCD1AD}"
EndProject
Project("{2150E333-8FDC-42A3-9474-1A3956D46DE8}") = "NavigationLink", "NavigationLink", "{E36EB487-7AAA-4AF8-80F8-43276E97EF0C}"
EndProject
Project("{2150E333-8FDC-42A3-9474-1A3956D46DE8}") = "Configuration", "Configuration", "{0228E3F9-752F-4CE5-A17E-7559B3987F65}"
	ProjectSection(SolutionItems) = preProject
		.gitignore = .gitignore
		gulp-config.js = gulp-config.js
		gulpfile.js = gulpfile.js
		package.json = package.json
		plopfile.js = plopfile.js
	EndProjectSection
EndProject
Project("{2150E333-8FDC-42A3-9474-1A3956D46DE8}") = "BaseClasses", "BaseClasses", "{8BE77B7E-3920-4F31-A4B8-3B5A8587B8CF}"
EndProject
Project("{FAE04EC0-301F-11D3-BF4B-00C04F79EFBC}") = "Foundation.BaseClasses", "src\Foundation\BaseClasses\code\Foundation.BaseClasses.csproj", "{CCDAC566-CD64-46B6-B9D5-07151916D0C4}"
EndProject
Project("{2150E333-8FDC-42A3-9474-1A3956D46DE8}") = "Extensions", "Extensions", "{6BA5B190-7257-4366-B0A4-F6FDF3038C94}"
EndProject
Project("{FAE04EC0-301F-11D3-BF4B-00C04F79EFBC}") = "Foundation.Extensions", "src\Foundation\Extensions\code\Foundation.Extensions.csproj", "{2FB5E67D-388B-406C-A82D-23E335730A3B}"
EndProject
Project("{2150E333-8FDC-42A3-9474-1A3956D46DE8}") = "SharedContent", "SharedContent", "{F0F32B21-F316-4DC9-8948-8869B810614F}"
EndProject
Project("{2150E333-8FDC-42A3-9474-1A3956D46DE8}") = "Site", "Site", "{9C46E855-F49C-43C3-B4D8-8CBF7DD1D947}"
EndProject
Project("{2150E333-8FDC-42A3-9474-1A3956D46DE8}") = "TextContent", "TextContent", "{C779BE0F-E932-4DF8-B583-7293634DD78F}"
EndProject
Project("{FAE04EC0-301F-11D3-BF4B-00C04F79EFBC}") = "Feature.GenericCard", "src\Feature\GenericCard\code\Feature.GenericCard.csproj", "{4A4F29F6-F858-2B01-9AAD-C5049B5E0F2A}"
EndProject
Project("{CAA73BB0-EF22-4D79-A57E-DF67B3BA9C80}") = "Feature.GenericCard.Tds", "src\Feature\GenericCard\serialization\Feature.GenericCard.Tds.scproj", "{6D38D02D-40E7-71DD-71E8-665C6493D194}"
EndProject
Project("{FAE04EC0-301F-11D3-BF4B-00C04F79EFBC}") = "Foundation.NavigationLink", "src\Foundation\NavigationLink\code\Foundation.NavigationLink.csproj", "{C3782095-6BB8-0E73-6F08-492195B33625}"
EndProject
Project("{CAA73BB0-EF22-4D79-A57E-DF67B3BA9C80}") = "Foundation.NavigationLink.Tds", "src\Foundation\NavigationLink\serialization\Foundation.NavigationLink.Tds.scproj", "{D1BBA3FD-0667-7705-1F29-457A96AD502D}"
EndProject
Project("{FAE04EC0-301F-11D3-BF4B-00C04F79EFBC}") = "Foundation.SharedContent", "src\Foundation\SharedContent\code\Foundation.SharedContent.csproj", "{81EBC5F4-52A3-ECFF-EF60-28E2238D2E91}"
EndProject
Project("{CAA73BB0-EF22-4D79-A57E-DF67B3BA9C80}") = "Foundation.SharedContent.Tds", "src\Foundation\SharedContent\serialization\Foundation.SharedContent.Tds.scproj", "{9860444D-8A92-5835-6FF8-EC2642625E83}"
EndProject
Project("{FAE04EC0-301F-11D3-BF4B-00C04F79EFBC}") = "Foundation.Site", "src\Foundation\Site\code\Foundation.Site.csproj", "{7937EC24-71E5-9768-A6F3-56ADEF55C869}"
EndProject
Project("{CAA73BB0-EF22-4D79-A57E-DF67B3BA9C80}") = "Foundation.Site.Tds", "src\Foundation\Site\serialization\Foundation.Site.Tds.scproj", "{4BB9927C-31F5-32BD-A3B7-D3063EB6D281}"
EndProject
Project("{FAE04EC0-301F-11D3-BF4B-00C04F79EFBC}") = "Foundation.TextContent", "src\Foundation\TextContent\code\Foundation.TextContent.csproj", "{F63E67CB-2FC4-07C4-A45A-A78756263DC9}"
EndProject
Project("{CAA73BB0-EF22-4D79-A57E-DF67B3BA9C80}") = "Foundation.TextContent.Tds", "src\Foundation\TextContent\serialization\Foundation.TextContent.Tds.scproj", "{608C64A9-807F-8278-2721-FDB7F7C98BCF}"
EndProject
Project("{2150E333-8FDC-42A3-9474-1A3956D46DE8}") = "Serialization", "Serialization", "{BEBF0C12-808D-4B15-BFE4-5B5977FAC4B6}"
EndProject
Project("{CAA73BB0-EF22-4D79-A57E-DF67B3BA9C80}") = "Foundation.Serialization", "src\Foundation\Serialization\serialization\Foundation.Serialization.scproj", "{68766C11-E4D0-42AE-B7F2-832515229F3C}"
EndProject
Project("{2150E333-8FDC-42A3-9474-1A3956D46DE8}") = "GlobalHeader", "GlobalHeader", "{0D59A723-C5CA-4EB9-85B3-E056810AC188}"
EndProject
Project("{FAE04EC0-301F-11D3-BF4B-00C04F79EFBC}") = "Feature.GlobalHeader", "src\Feature\GlobalHeader\code\Feature.GlobalHeader.csproj", "{677A413E-F14E-BC9F-D194-3A3B38097C75}"
EndProject
Project("{CAA73BB0-EF22-4D79-A57E-DF67B3BA9C80}") = "Feature.GlobalHeader.Tds", "src\Feature\GlobalHeader\serialization\Feature.GlobalHeader.Tds.scproj", "{FD0D6C2C-A828-F244-3775-96DFA3A46493}"
EndProject
Project("{FAE04EC0-301F-11D3-BF4B-00C04F79EFBC}") = "ORMless.Project.Site", "src\Project\ORMless.Project.Site\code\ORMless.Project.Site.csproj", "{4238997B-1865-4AFE-B5D1-87DA3FF47E5D}"
EndProject
Project("{CAA73BB0-EF22-4D79-A57E-DF67B3BA9C80}") = "ORMless.Project.Site.Tds", "src\Project\ORMless.Project.Site\serialization\ORMless.Project.Site.Tds.scproj", "{F767598E-3D6C-490F-8234-880E0FAF70AA}"
EndProject
Project("{2150E333-8FDC-42A3-9474-1A3956D46DE8}") = "GenericJumbotron", "GenericJumbotron", "{8BE7985A-823C-4CEE-ABA5-AE73A0F206FD}"
EndProject
Project("{FAE04EC0-301F-11D3-BF4B-00C04F79EFBC}") = "Feature.GenericJumbotron", "src\Feature\GenericJumbotron\code\Feature.GenericJumbotron.csproj", "{6BCD7E5A-892F-A405-FBAE-605FAB09C47B}"
EndProject
Project("{CAA73BB0-EF22-4D79-A57E-DF67B3BA9C80}") = "Feature.GenericJumbotron.Tds", "src\Feature\GenericJumbotron\serialization\Feature.GenericJumbotron.Tds.scproj", "{23AC8C66-B443-649C-1435-60E9F0CBCB14}"
EndProject
Project("{2150E333-8FDC-42A3-9474-1A3956D46DE8}") = "Breadcrumb", "Breadcrumb", "{B78C6707-BF9E-4778-8011-3BAE52379DA0}"
EndProject
Project("{FAE04EC0-301F-11D3-BF4B-00C04F79EFBC}") = "Feature.Breadcrumb", "src\Feature\Breadcrumb\code\Feature.Breadcrumb.csproj", "{8644D874-899D-ECD0-536F-0FC31465309B}"
EndProject
Project("{CAA73BB0-EF22-4D79-A57E-DF67B3BA9C80}") = "Feature.Breadcrumb.Tds", "src\Feature\Breadcrumb\serialization\Feature.Breadcrumb.Tds.scproj", "{493108DD-4FF4-74CF-DE85-F911553A3F52}"
EndProject
Project("{2150E333-8FDC-42A3-9474-1A3956D46DE8}") = "PageTitle", "PageTitle", "{649B5764-F7A2-4DCF-A052-45B31EECBA5C}"
EndProject
Project("{FAE04EC0-301F-11D3-BF4B-00C04F79EFBC}") = "Feature.PageTitle", "src\Feature\PageTitle\code\Feature.PageTitle.csproj", "{8692D00C-DA3F-4B43-2675-EFA5BFC58744}"
EndProject
Project("{CAA73BB0-EF22-4D79-A57E-DF67B3BA9C80}") = "Feature.PageTitle.Tds", "src\Feature\PageTitle\serialization\Feature.PageTitle.Tds.scproj", "{2E1AAEE4-8690-7B78-A046-CDCC109D9600}"
EndProject
Project("{2150E333-8FDC-42A3-9474-1A3956D46DE8}") = "PageBody", "PageBody", "{32DF6254-C6E8-4B7A-BF5B-B2D87F8486C1}"
EndProject
Project("{FAE04EC0-301F-11D3-BF4B-00C04F79EFBC}") = "Feature.PageBody", "src\Feature\PageBody\code\Feature.PageBody.csproj", "{57419E41-E81D-08DA-9492-C391411062CB}"
EndProject
Project("{CAA73BB0-EF22-4D79-A57E-DF67B3BA9C80}") = "Feature.PageBody.Tds", "src\Feature\PageBody\serialization\Feature.PageBody.Tds.scproj", "{B46B3385-E79F-4279-3756-186B6163D862}"
EndProject
Project("{2150E333-8FDC-42A3-9474-1A3956D46DE8}") = "GlobalSearch", "GlobalSearch", "{519E672A-C3BF-4530-8CC4-B3A5192D171B}"
EndProject
Project("{FAE04EC0-301F-11D3-BF4B-00C04F79EFBC}") = "Feature.GlobalSearch", "src\Feature\GlobalSearch\code\Feature.GlobalSearch.csproj", "{0B5D8B3A-3B4F-C254-B111-1C023C1C3D05}"
EndProject
Project("{CAA73BB0-EF22-4D79-A57E-DF67B3BA9C80}") = "Feature.GlobalSearch.Tds", "src\Feature\GlobalSearch\serialization\Feature.GlobalSearch.Tds.scproj", "{3379FCAA-2388-E3E7-6D95-DD16CE62EBD1}"
EndProject
Project("{2150E333-8FDC-42A3-9474-1A3956D46DE8}") = "Publications", "Publications", "{04ED1911-F571-48C3-A5E3-DBF579A489F0}"
EndProject
Project("{FAE04EC0-301F-11D3-BF4B-00C04F79EFBC}") = "Foundation.Publications", "src\Foundation\Publications\code\Foundation.Publications.csproj", "{1ED214B6-3C19-A8C4-4907-859A1319E324}"
EndProject
Project("{CAA73BB0-EF22-4D79-A57E-DF67B3BA9C80}") = "Foundation.Publications.Tds", "src\Foundation\Publications\serialization\Foundation.Publications.Tds.scproj", "{7486D5E2-5E9C-DD93-7705-14BD7F74CB6E}"
EndProject
Project("{2150E333-8FDC-42A3-9474-1A3956D46DE8}") = "Events", "Events", "{AE1C30B7-4D5D-4D5B-8D6E-1419D09D9505}"
EndProject
Project("{FAE04EC0-301F-11D3-BF4B-00C04F79EFBC}") = "Foundation.Events", "src\Foundation\Events\code\Foundation.Events.csproj", "{65F3A76C-E193-9FBB-7E00-52636F82A5C8}"
EndProject
Project("{CAA73BB0-EF22-4D79-A57E-DF67B3BA9C80}") = "Foundation.Events.Tds", "src\Foundation\Events\serialization\Foundation.Events.Tds.scproj", "{C7664035-A012-30FA-608D-C7323A45519B}"
EndProject
Project("{2150E333-8FDC-42A3-9474-1A3956D46DE8}") = "DatedContent", "DatedContent", "{873BD049-E4D0-400C-B8CB-F35A927E3FA8}"
EndProject
Project("{FAE04EC0-301F-11D3-BF4B-00C04F79EFBC}") = "Foundation.DatedContent", "src\Foundation\DatedContent\code\Foundation.DatedContent.csproj", "{834E0B22-20C9-3AB9-F24A-98D65A6F4C78}"
EndProject
Project("{CAA73BB0-EF22-4D79-A57E-DF67B3BA9C80}") = "Foundation.DatedContent.Tds", "src\Foundation\DatedContent\serialization\Foundation.DatedContent.Tds.scproj", "{6ADE7ACF-449A-1F79-C0E5-1BF0D37038E3}"
EndProject
Project("{2150E333-8FDC-42A3-9474-1A3956D46DE8}") = "Events", "Events", "{4C3B53E7-3661-486A-9592-5190357B78EB}"
EndProject
Project("{FAE04EC0-301F-11D3-BF4B-00C04F79EFBC}") = "Feature.Events", "src\Feature\Events\code\Feature.Events.csproj", "{37CEB7D4-A2B3-B608-269A-917E685122B7}"
EndProject
Project("{CAA73BB0-EF22-4D79-A57E-DF67B3BA9C80}") = "Feature.Events.Tds", "src\Feature\Events\serialization\Feature.Events.Tds.scproj", "{E619269C-7FCD-C1EC-6243-C8412BB2D6A8}"
EndProject
Project("{2150E333-8FDC-42A3-9474-1A3956D46DE8}") = "Site", "Site", "{88C495C0-AA07-4AF4-9D67-C92077A605B0}"
EndProject
Project("{FAE04EC0-301F-11D3-BF4B-00C04F79EFBC}") = "Feature.Site", "src\Feature\Site\code\Feature.Site.csproj", "{D368DDD2-23C2-D5D2-D7EB-23DA90C12F8F}"
EndProject
Project("{CAA73BB0-EF22-4D79-A57E-DF67B3BA9C80}") = "Feature.Site.Tds", "src\Feature\Site\serialization\Feature.Site.Tds.scproj", "{EFE57096-99F3-CC4E-C8B8-49AF7D941D84}"
EndProject
Project("{2150E333-8FDC-42A3-9474-1A3956D46DE8}") = "Taxonomy", "Taxonomy", "{E178A268-91AF-4BDB-BDC3-63B4D5D3CBA8}"
EndProject
Project("{FAE04EC0-301F-11D3-BF4B-00C04F79EFBC}") = "Feature.Taxonomy", "src\Feature\Taxonomy\code\Feature.Taxonomy.csproj", "{AFAFAF3E-4DAD-698C-5DF6-EF16F26CA8F5}"
EndProject
Project("{CAA73BB0-EF22-4D79-A57E-DF67B3BA9C80}") = "Feature.Taxonomy.Tds", "src\Feature\Taxonomy\serialization\Feature.Taxonomy.Tds.scproj", "{0416CC97-0FFC-7A16-486F-DADAF553CFA7}"
EndProject
Global
	GlobalSection(SolutionConfigurationPlatforms) = preSolution
		Debug|Any CPU = Debug|Any CPU
		Release|Any CPU = Release|Any CPU
	EndGlobalSection
	GlobalSection(ProjectConfigurationPlatforms) = postSolution
		{CAC94A92-A68D-4DD6-A2B3-3C323D431646}.Debug|Any CPU.ActiveCfg = Debug|Any CPU
		{CAC94A92-A68D-4DD6-A2B3-3C323D431646}.Debug|Any CPU.Build.0 = Debug|Any CPU
		{CAC94A92-A68D-4DD6-A2B3-3C323D431646}.Release|Any CPU.ActiveCfg = Release|Any CPU
		{CAC94A92-A68D-4DD6-A2B3-3C323D431646}.Release|Any CPU.Build.0 = Release|Any CPU
		{CEA346F1-8C5C-4ABE-A1F3-88D5ECA30906}.Debug|Any CPU.ActiveCfg = Debug|Any CPU
		{CEA346F1-8C5C-4ABE-A1F3-88D5ECA30906}.Release|Any CPU.ActiveCfg = Release|Any CPU
		{CEA346F1-8C5C-4ABE-A1F3-88D5ECA30906}.Release|Any CPU.Build.0 = Release|Any CPU
		{CEA346F1-8C5C-4ABE-A1F3-88D5ECA30906}.Release|Any CPU.Deploy.0 = Release|Any CPU
		{D0169FAF-961A-47BE-949A-1341D6BD2D30}.Debug|Any CPU.ActiveCfg = Debug|Any CPU
		{D0169FAF-961A-47BE-949A-1341D6BD2D30}.Debug|Any CPU.Build.0 = Debug|Any CPU
		{D0169FAF-961A-47BE-949A-1341D6BD2D30}.Release|Any CPU.ActiveCfg = Release|Any CPU
		{D0169FAF-961A-47BE-949A-1341D6BD2D30}.Release|Any CPU.Build.0 = Release|Any CPU
		{8DA0C986-3C5C-4402-AB07-A0C44EDCD1AD}.Debug|Any CPU.ActiveCfg = Debug|Any CPU
		{8DA0C986-3C5C-4402-AB07-A0C44EDCD1AD}.Debug|Any CPU.Build.0 = Debug|Any CPU
		{8DA0C986-3C5C-4402-AB07-A0C44EDCD1AD}.Release|Any CPU.ActiveCfg = Release|Any CPU
		{8DA0C986-3C5C-4402-AB07-A0C44EDCD1AD}.Release|Any CPU.Build.0 = Release|Any CPU
		{CCDAC566-CD64-46B6-B9D5-07151916D0C4}.Debug|Any CPU.ActiveCfg = Debug|Any CPU
		{CCDAC566-CD64-46B6-B9D5-07151916D0C4}.Debug|Any CPU.Build.0 = Debug|Any CPU
		{CCDAC566-CD64-46B6-B9D5-07151916D0C4}.Release|Any CPU.ActiveCfg = Release|Any CPU
		{CCDAC566-CD64-46B6-B9D5-07151916D0C4}.Release|Any CPU.Build.0 = Release|Any CPU
		{2FB5E67D-388B-406C-A82D-23E335730A3B}.Debug|Any CPU.ActiveCfg = Debug|Any CPU
		{2FB5E67D-388B-406C-A82D-23E335730A3B}.Debug|Any CPU.Build.0 = Debug|Any CPU
		{2FB5E67D-388B-406C-A82D-23E335730A3B}.Release|Any CPU.ActiveCfg = Release|Any CPU
		{2FB5E67D-388B-406C-A82D-23E335730A3B}.Release|Any CPU.Build.0 = Release|Any CPU
		{4A4F29F6-F858-2B01-9AAD-C5049B5E0F2A}.Debug|Any CPU.ActiveCfg = Debug|Any CPU
		{4A4F29F6-F858-2B01-9AAD-C5049B5E0F2A}.Debug|Any CPU.Build.0 = Debug|Any CPU
		{4A4F29F6-F858-2B01-9AAD-C5049B5E0F2A}.Release|Any CPU.ActiveCfg = Release|Any CPU
		{4A4F29F6-F858-2B01-9AAD-C5049B5E0F2A}.Release|Any CPU.Build.0 = Release|Any CPU
		{6D38D02D-40E7-71DD-71E8-665C6493D194}.Debug|Any CPU.ActiveCfg = Debug|Any CPU
		{6D38D02D-40E7-71DD-71E8-665C6493D194}.Release|Any CPU.ActiveCfg = Release|Any CPU
		{6D38D02D-40E7-71DD-71E8-665C6493D194}.Release|Any CPU.Build.0 = Release|Any CPU
		{6D38D02D-40E7-71DD-71E8-665C6493D194}.Release|Any CPU.Deploy.0 = Release|Any CPU
		{C3782095-6BB8-0E73-6F08-492195B33625}.Debug|Any CPU.ActiveCfg = Debug|Any CPU
		{C3782095-6BB8-0E73-6F08-492195B33625}.Debug|Any CPU.Build.0 = Debug|Any CPU
		{C3782095-6BB8-0E73-6F08-492195B33625}.Release|Any CPU.ActiveCfg = Release|Any CPU
		{C3782095-6BB8-0E73-6F08-492195B33625}.Release|Any CPU.Build.0 = Release|Any CPU
		{D1BBA3FD-0667-7705-1F29-457A96AD502D}.Debug|Any CPU.ActiveCfg = Debug|Any CPU
		{D1BBA3FD-0667-7705-1F29-457A96AD502D}.Release|Any CPU.ActiveCfg = Release|Any CPU
		{D1BBA3FD-0667-7705-1F29-457A96AD502D}.Release|Any CPU.Build.0 = Release|Any CPU
		{D1BBA3FD-0667-7705-1F29-457A96AD502D}.Release|Any CPU.Deploy.0 = Release|Any CPU
		{81EBC5F4-52A3-ECFF-EF60-28E2238D2E91}.Debug|Any CPU.ActiveCfg = Debug|Any CPU
		{81EBC5F4-52A3-ECFF-EF60-28E2238D2E91}.Debug|Any CPU.Build.0 = Debug|Any CPU
		{81EBC5F4-52A3-ECFF-EF60-28E2238D2E91}.Release|Any CPU.ActiveCfg = Release|Any CPU
		{81EBC5F4-52A3-ECFF-EF60-28E2238D2E91}.Release|Any CPU.Build.0 = Release|Any CPU
		{9860444D-8A92-5835-6FF8-EC2642625E83}.Debug|Any CPU.ActiveCfg = Debug|Any CPU
		{9860444D-8A92-5835-6FF8-EC2642625E83}.Release|Any CPU.ActiveCfg = Release|Any CPU
		{9860444D-8A92-5835-6FF8-EC2642625E83}.Release|Any CPU.Build.0 = Release|Any CPU
		{9860444D-8A92-5835-6FF8-EC2642625E83}.Release|Any CPU.Deploy.0 = Release|Any CPU
		{7937EC24-71E5-9768-A6F3-56ADEF55C869}.Debug|Any CPU.ActiveCfg = Debug|Any CPU
		{7937EC24-71E5-9768-A6F3-56ADEF55C869}.Debug|Any CPU.Build.0 = Debug|Any CPU
		{7937EC24-71E5-9768-A6F3-56ADEF55C869}.Release|Any CPU.ActiveCfg = Release|Any CPU
		{7937EC24-71E5-9768-A6F3-56ADEF55C869}.Release|Any CPU.Build.0 = Release|Any CPU
		{4BB9927C-31F5-32BD-A3B7-D3063EB6D281}.Debug|Any CPU.ActiveCfg = Debug|Any CPU
		{4BB9927C-31F5-32BD-A3B7-D3063EB6D281}.Release|Any CPU.ActiveCfg = Release|Any CPU
		{4BB9927C-31F5-32BD-A3B7-D3063EB6D281}.Release|Any CPU.Build.0 = Release|Any CPU
		{4BB9927C-31F5-32BD-A3B7-D3063EB6D281}.Release|Any CPU.Deploy.0 = Release|Any CPU
		{F63E67CB-2FC4-07C4-A45A-A78756263DC9}.Debug|Any CPU.ActiveCfg = Debug|Any CPU
		{F63E67CB-2FC4-07C4-A45A-A78756263DC9}.Debug|Any CPU.Build.0 = Debug|Any CPU
		{F63E67CB-2FC4-07C4-A45A-A78756263DC9}.Release|Any CPU.ActiveCfg = Release|Any CPU
		{F63E67CB-2FC4-07C4-A45A-A78756263DC9}.Release|Any CPU.Build.0 = Release|Any CPU
		{608C64A9-807F-8278-2721-FDB7F7C98BCF}.Debug|Any CPU.ActiveCfg = Debug|Any CPU
		{608C64A9-807F-8278-2721-FDB7F7C98BCF}.Release|Any CPU.ActiveCfg = Release|Any CPU
		{608C64A9-807F-8278-2721-FDB7F7C98BCF}.Release|Any CPU.Build.0 = Release|Any CPU
		{608C64A9-807F-8278-2721-FDB7F7C98BCF}.Release|Any CPU.Deploy.0 = Release|Any CPU
		{68766C11-E4D0-42AE-B7F2-832515229F3C}.Debug|Any CPU.ActiveCfg = Debug|Any CPU
		{68766C11-E4D0-42AE-B7F2-832515229F3C}.Release|Any CPU.ActiveCfg = Release|Any CPU
		{68766C11-E4D0-42AE-B7F2-832515229F3C}.Release|Any CPU.Build.0 = Release|Any CPU
		{68766C11-E4D0-42AE-B7F2-832515229F3C}.Release|Any CPU.Deploy.0 = Release|Any CPU
		{677A413E-F14E-BC9F-D194-3A3B38097C75}.Debug|Any CPU.ActiveCfg = Debug|Any CPU
		{677A413E-F14E-BC9F-D194-3A3B38097C75}.Debug|Any CPU.Build.0 = Debug|Any CPU
		{677A413E-F14E-BC9F-D194-3A3B38097C75}.Release|Any CPU.ActiveCfg = Release|Any CPU
		{677A413E-F14E-BC9F-D194-3A3B38097C75}.Release|Any CPU.Build.0 = Release|Any CPU
		{FD0D6C2C-A828-F244-3775-96DFA3A46493}.Debug|Any CPU.ActiveCfg = Debug|Any CPU
		{FD0D6C2C-A828-F244-3775-96DFA3A46493}.Release|Any CPU.ActiveCfg = Release|Any CPU
		{FD0D6C2C-A828-F244-3775-96DFA3A46493}.Release|Any CPU.Build.0 = Release|Any CPU
		{FD0D6C2C-A828-F244-3775-96DFA3A46493}.Release|Any CPU.Deploy.0 = Release|Any CPU
		{4238997B-1865-4AFE-B5D1-87DA3FF47E5D}.Debug|Any CPU.ActiveCfg = Debug|Any CPU
		{4238997B-1865-4AFE-B5D1-87DA3FF47E5D}.Debug|Any CPU.Build.0 = Debug|Any CPU
		{4238997B-1865-4AFE-B5D1-87DA3FF47E5D}.Release|Any CPU.ActiveCfg = Release|Any CPU
		{4238997B-1865-4AFE-B5D1-87DA3FF47E5D}.Release|Any CPU.Build.0 = Release|Any CPU
		{F767598E-3D6C-490F-8234-880E0FAF70AA}.Debug|Any CPU.ActiveCfg = Debug|Any CPU
		{F767598E-3D6C-490F-8234-880E0FAF70AA}.Release|Any CPU.ActiveCfg = Release|Any CPU
		{F767598E-3D6C-490F-8234-880E0FAF70AA}.Release|Any CPU.Build.0 = Release|Any CPU
		{F767598E-3D6C-490F-8234-880E0FAF70AA}.Release|Any CPU.Deploy.0 = Release|Any CPU
		{6BCD7E5A-892F-A405-FBAE-605FAB09C47B}.Debug|Any CPU.ActiveCfg = Debug|Any CPU
		{6BCD7E5A-892F-A405-FBAE-605FAB09C47B}.Debug|Any CPU.Build.0 = Debug|Any CPU
		{6BCD7E5A-892F-A405-FBAE-605FAB09C47B}.Release|Any CPU.ActiveCfg = Release|Any CPU
		{6BCD7E5A-892F-A405-FBAE-605FAB09C47B}.Release|Any CPU.Build.0 = Release|Any CPU
		{23AC8C66-B443-649C-1435-60E9F0CBCB14}.Debug|Any CPU.ActiveCfg = Debug|Any CPU
		{23AC8C66-B443-649C-1435-60E9F0CBCB14}.Release|Any CPU.ActiveCfg = Release|Any CPU
		{23AC8C66-B443-649C-1435-60E9F0CBCB14}.Release|Any CPU.Build.0 = Release|Any CPU
		{23AC8C66-B443-649C-1435-60E9F0CBCB14}.Release|Any CPU.Deploy.0 = Release|Any CPU
		{8644D874-899D-ECD0-536F-0FC31465309B}.Debug|Any CPU.ActiveCfg = Debug|Any CPU
		{8644D874-899D-ECD0-536F-0FC31465309B}.Debug|Any CPU.Build.0 = Debug|Any CPU
		{8644D874-899D-ECD0-536F-0FC31465309B}.Release|Any CPU.ActiveCfg = Release|Any CPU
		{8644D874-899D-ECD0-536F-0FC31465309B}.Release|Any CPU.Build.0 = Release|Any CPU
		{493108DD-4FF4-74CF-DE85-F911553A3F52}.Debug|Any CPU.ActiveCfg = Debug|Any CPU
		{493108DD-4FF4-74CF-DE85-F911553A3F52}.Release|Any CPU.ActiveCfg = Release|Any CPU
		{493108DD-4FF4-74CF-DE85-F911553A3F52}.Release|Any CPU.Build.0 = Release|Any CPU
		{493108DD-4FF4-74CF-DE85-F911553A3F52}.Release|Any CPU.Deploy.0 = Release|Any CPU
		{8692D00C-DA3F-4B43-2675-EFA5BFC58744}.Debug|Any CPU.ActiveCfg = Debug|Any CPU
		{8692D00C-DA3F-4B43-2675-EFA5BFC58744}.Debug|Any CPU.Build.0 = Debug|Any CPU
		{8692D00C-DA3F-4B43-2675-EFA5BFC58744}.Release|Any CPU.ActiveCfg = Release|Any CPU
		{8692D00C-DA3F-4B43-2675-EFA5BFC58744}.Release|Any CPU.Build.0 = Release|Any CPU
		{2E1AAEE4-8690-7B78-A046-CDCC109D9600}.Debug|Any CPU.ActiveCfg = Debug|Any CPU
		{2E1AAEE4-8690-7B78-A046-CDCC109D9600}.Release|Any CPU.ActiveCfg = Release|Any CPU
		{2E1AAEE4-8690-7B78-A046-CDCC109D9600}.Release|Any CPU.Build.0 = Release|Any CPU
		{2E1AAEE4-8690-7B78-A046-CDCC109D9600}.Release|Any CPU.Deploy.0 = Release|Any CPU
		{57419E41-E81D-08DA-9492-C391411062CB}.Debug|Any CPU.ActiveCfg = Debug|Any CPU
		{57419E41-E81D-08DA-9492-C391411062CB}.Debug|Any CPU.Build.0 = Debug|Any CPU
		{57419E41-E81D-08DA-9492-C391411062CB}.Release|Any CPU.ActiveCfg = Release|Any CPU
		{57419E41-E81D-08DA-9492-C391411062CB}.Release|Any CPU.Build.0 = Release|Any CPU
		{B46B3385-E79F-4279-3756-186B6163D862}.Debug|Any CPU.ActiveCfg = Debug|Any CPU
		{B46B3385-E79F-4279-3756-186B6163D862}.Release|Any CPU.ActiveCfg = Release|Any CPU
		{B46B3385-E79F-4279-3756-186B6163D862}.Release|Any CPU.Build.0 = Release|Any CPU
		{B46B3385-E79F-4279-3756-186B6163D862}.Release|Any CPU.Deploy.0 = Release|Any CPU
		{0B5D8B3A-3B4F-C254-B111-1C023C1C3D05}.Debug|Any CPU.ActiveCfg = Debug|Any CPU
		{0B5D8B3A-3B4F-C254-B111-1C023C1C3D05}.Debug|Any CPU.Build.0 = Debug|Any CPU
		{0B5D8B3A-3B4F-C254-B111-1C023C1C3D05}.Release|Any CPU.ActiveCfg = Release|Any CPU
		{0B5D8B3A-3B4F-C254-B111-1C023C1C3D05}.Release|Any CPU.Build.0 = Release|Any CPU
		{3379FCAA-2388-E3E7-6D95-DD16CE62EBD1}.Debug|Any CPU.ActiveCfg = Debug|Any CPU
		{3379FCAA-2388-E3E7-6D95-DD16CE62EBD1}.Release|Any CPU.ActiveCfg = Release|Any CPU
		{3379FCAA-2388-E3E7-6D95-DD16CE62EBD1}.Release|Any CPU.Build.0 = Release|Any CPU
		{3379FCAA-2388-E3E7-6D95-DD16CE62EBD1}.Release|Any CPU.Deploy.0 = Release|Any CPU
		{1ED214B6-3C19-A8C4-4907-859A1319E324}.Debug|Any CPU.ActiveCfg = Debug|Any CPU
		{1ED214B6-3C19-A8C4-4907-859A1319E324}.Debug|Any CPU.Build.0 = Debug|Any CPU
		{1ED214B6-3C19-A8C4-4907-859A1319E324}.Release|Any CPU.ActiveCfg = Release|Any CPU
		{1ED214B6-3C19-A8C4-4907-859A1319E324}.Release|Any CPU.Build.0 = Release|Any CPU
		{7486D5E2-5E9C-DD93-7705-14BD7F74CB6E}.Debug|Any CPU.ActiveCfg = Debug|Any CPU
		{7486D5E2-5E9C-DD93-7705-14BD7F74CB6E}.Release|Any CPU.ActiveCfg = Release|Any CPU
		{7486D5E2-5E9C-DD93-7705-14BD7F74CB6E}.Release|Any CPU.Build.0 = Release|Any CPU
		{7486D5E2-5E9C-DD93-7705-14BD7F74CB6E}.Release|Any CPU.Deploy.0 = Release|Any CPU
		{65F3A76C-E193-9FBB-7E00-52636F82A5C8}.Debug|Any CPU.ActiveCfg = Debug|Any CPU
		{65F3A76C-E193-9FBB-7E00-52636F82A5C8}.Debug|Any CPU.Build.0 = Debug|Any CPU
		{65F3A76C-E193-9FBB-7E00-52636F82A5C8}.Release|Any CPU.ActiveCfg = Release|Any CPU
		{65F3A76C-E193-9FBB-7E00-52636F82A5C8}.Release|Any CPU.Build.0 = Release|Any CPU
		{C7664035-A012-30FA-608D-C7323A45519B}.Debug|Any CPU.ActiveCfg = Debug|Any CPU
		{C7664035-A012-30FA-608D-C7323A45519B}.Release|Any CPU.ActiveCfg = Release|Any CPU
		{C7664035-A012-30FA-608D-C7323A45519B}.Release|Any CPU.Build.0 = Release|Any CPU
		{C7664035-A012-30FA-608D-C7323A45519B}.Release|Any CPU.Deploy.0 = Release|Any CPU
		{834E0B22-20C9-3AB9-F24A-98D65A6F4C78}.Debug|Any CPU.ActiveCfg = Debug|Any CPU
		{834E0B22-20C9-3AB9-F24A-98D65A6F4C78}.Debug|Any CPU.Build.0 = Debug|Any CPU
		{834E0B22-20C9-3AB9-F24A-98D65A6F4C78}.Release|Any CPU.ActiveCfg = Release|Any CPU
		{834E0B22-20C9-3AB9-F24A-98D65A6F4C78}.Release|Any CPU.Build.0 = Release|Any CPU
		{6ADE7ACF-449A-1F79-C0E5-1BF0D37038E3}.Debug|Any CPU.ActiveCfg = Debug|Any CPU
		{6ADE7ACF-449A-1F79-C0E5-1BF0D37038E3}.Release|Any CPU.ActiveCfg = Release|Any CPU
		{6ADE7ACF-449A-1F79-C0E5-1BF0D37038E3}.Release|Any CPU.Build.0 = Release|Any CPU
		{6ADE7ACF-449A-1F79-C0E5-1BF0D37038E3}.Release|Any CPU.Deploy.0 = Release|Any CPU
		{37CEB7D4-A2B3-B608-269A-917E685122B7}.Debug|Any CPU.ActiveCfg = Debug|Any CPU
		{37CEB7D4-A2B3-B608-269A-917E685122B7}.Debug|Any CPU.Build.0 = Debug|Any CPU
		{37CEB7D4-A2B3-B608-269A-917E685122B7}.Release|Any CPU.ActiveCfg = Release|Any CPU
		{37CEB7D4-A2B3-B608-269A-917E685122B7}.Release|Any CPU.Build.0 = Release|Any CPU
		{E619269C-7FCD-C1EC-6243-C8412BB2D6A8}.Debug|Any CPU.ActiveCfg = Debug|Any CPU
		{E619269C-7FCD-C1EC-6243-C8412BB2D6A8}.Release|Any CPU.ActiveCfg = Release|Any CPU
		{E619269C-7FCD-C1EC-6243-C8412BB2D6A8}.Release|Any CPU.Build.0 = Release|Any CPU
		{E619269C-7FCD-C1EC-6243-C8412BB2D6A8}.Release|Any CPU.Deploy.0 = Release|Any CPU
		{D368DDD2-23C2-D5D2-D7EB-23DA90C12F8F}.Debug|Any CPU.ActiveCfg = Debug|Any CPU
		{D368DDD2-23C2-D5D2-D7EB-23DA90C12F8F}.Debug|Any CPU.Build.0 = Debug|Any CPU
		{D368DDD2-23C2-D5D2-D7EB-23DA90C12F8F}.Release|Any CPU.ActiveCfg = Release|Any CPU
		{D368DDD2-23C2-D5D2-D7EB-23DA90C12F8F}.Release|Any CPU.Build.0 = Release|Any CPU
		{EFE57096-99F3-CC4E-C8B8-49AF7D941D84}.Debug|Any CPU.ActiveCfg = Debug|Any CPU
		{EFE57096-99F3-CC4E-C8B8-49AF7D941D84}.Release|Any CPU.ActiveCfg = Release|Any CPU
		{EFE57096-99F3-CC4E-C8B8-49AF7D941D84}.Release|Any CPU.Build.0 = Release|Any CPU
		{EFE57096-99F3-CC4E-C8B8-49AF7D941D84}.Release|Any CPU.Deploy.0 = Release|Any CPU
		{AFAFAF3E-4DAD-698C-5DF6-EF16F26CA8F5}.Debug|Any CPU.ActiveCfg = Debug|Any CPU
		{AFAFAF3E-4DAD-698C-5DF6-EF16F26CA8F5}.Debug|Any CPU.Build.0 = Debug|Any CPU
		{AFAFAF3E-4DAD-698C-5DF6-EF16F26CA8F5}.Release|Any CPU.ActiveCfg = Release|Any CPU
		{AFAFAF3E-4DAD-698C-5DF6-EF16F26CA8F5}.Release|Any CPU.Build.0 = Release|Any CPU
		{0416CC97-0FFC-7A16-486F-DADAF553CFA7}.Debug|Any CPU.ActiveCfg = Debug|Any CPU
		{0416CC97-0FFC-7A16-486F-DADAF553CFA7}.Debug|Any CPU.Build.0 = Debug|Any CPU
		{0416CC97-0FFC-7A16-486F-DADAF553CFA7}.Debug|Any CPU.Deploy.0 = Debug|Any CPU
		{0416CC97-0FFC-7A16-486F-DADAF553CFA7}.Release|Any CPU.ActiveCfg = Release|Any CPU
		{0416CC97-0FFC-7A16-486F-DADAF553CFA7}.Release|Any CPU.Build.0 = Release|Any CPU
		{0416CC97-0FFC-7A16-486F-DADAF553CFA7}.Release|Any CPU.Deploy.0 = Release|Any CPU
	EndGlobalSection
	GlobalSection(SolutionProperties) = preSolution
		HideSolutionNode = FALSE
	EndGlobalSection
	GlobalSection(NestedProjects) = preSolution
		{7E097B22-29CB-4FE3-9D60-EB8594F5D233} = {2FC4A8B3-F070-4809-9298-707A3FA7E4A2}
		{16C776B3-856E-433A-AA84-713CD9C9449A} = {2FC4A8B3-F070-4809-9298-707A3FA7E4A2}
		{CAC94A92-A68D-4DD6-A2B3-3C323D431646} = {16C776B3-856E-433A-AA84-713CD9C9449A}
		{CEA346F1-8C5C-4ABE-A1F3-88D5ECA30906} = {16C776B3-856E-433A-AA84-713CD9C9449A}
		{97F7EB2A-B701-4924-A9FA-7741804BCADF} = {2FC4A8B3-F070-4809-9298-707A3FA7E4A2}
		{D0169FAF-961A-47BE-949A-1341D6BD2D30} = {97F7EB2A-B701-4924-A9FA-7741804BCADF}
		{953CBEAF-26CE-4F93-A431-DC5EB15A9EDD} = {6FD94707-38F9-48D8-A539-F4CDB9472139}
		{8DA0C986-3C5C-4402-AB07-A0C44EDCD1AD} = {953CBEAF-26CE-4F93-A431-DC5EB15A9EDD}
		{E36EB487-7AAA-4AF8-80F8-43276E97EF0C} = {6FD94707-38F9-48D8-A539-F4CDB9472139}
		{8BE77B7E-3920-4F31-A4B8-3B5A8587B8CF} = {6FD94707-38F9-48D8-A539-F4CDB9472139}
		{CCDAC566-CD64-46B6-B9D5-07151916D0C4} = {8BE77B7E-3920-4F31-A4B8-3B5A8587B8CF}
		{6BA5B190-7257-4366-B0A4-F6FDF3038C94} = {6FD94707-38F9-48D8-A539-F4CDB9472139}
		{2FB5E67D-388B-406C-A82D-23E335730A3B} = {6BA5B190-7257-4366-B0A4-F6FDF3038C94}
		{F0F32B21-F316-4DC9-8948-8869B810614F} = {6FD94707-38F9-48D8-A539-F4CDB9472139}
		{9C46E855-F49C-43C3-B4D8-8CBF7DD1D947} = {6FD94707-38F9-48D8-A539-F4CDB9472139}
		{C779BE0F-E932-4DF8-B583-7293634DD78F} = {6FD94707-38F9-48D8-A539-F4CDB9472139}
		{4A4F29F6-F858-2B01-9AAD-C5049B5E0F2A} = {7E097B22-29CB-4FE3-9D60-EB8594F5D233}
		{6D38D02D-40E7-71DD-71E8-665C6493D194} = {7E097B22-29CB-4FE3-9D60-EB8594F5D233}
		{C3782095-6BB8-0E73-6F08-492195B33625} = {E36EB487-7AAA-4AF8-80F8-43276E97EF0C}
		{D1BBA3FD-0667-7705-1F29-457A96AD502D} = {E36EB487-7AAA-4AF8-80F8-43276E97EF0C}
		{81EBC5F4-52A3-ECFF-EF60-28E2238D2E91} = {F0F32B21-F316-4DC9-8948-8869B810614F}
		{9860444D-8A92-5835-6FF8-EC2642625E83} = {F0F32B21-F316-4DC9-8948-8869B810614F}
		{7937EC24-71E5-9768-A6F3-56ADEF55C869} = {9C46E855-F49C-43C3-B4D8-8CBF7DD1D947}
		{4BB9927C-31F5-32BD-A3B7-D3063EB6D281} = {9C46E855-F49C-43C3-B4D8-8CBF7DD1D947}
		{F63E67CB-2FC4-07C4-A45A-A78756263DC9} = {C779BE0F-E932-4DF8-B583-7293634DD78F}
		{608C64A9-807F-8278-2721-FDB7F7C98BCF} = {C779BE0F-E932-4DF8-B583-7293634DD78F}
		{BEBF0C12-808D-4B15-BFE4-5B5977FAC4B6} = {6FD94707-38F9-48D8-A539-F4CDB9472139}
		{68766C11-E4D0-42AE-B7F2-832515229F3C} = {BEBF0C12-808D-4B15-BFE4-5B5977FAC4B6}
		{0D59A723-C5CA-4EB9-85B3-E056810AC188} = {2FC4A8B3-F070-4809-9298-707A3FA7E4A2}
		{677A413E-F14E-BC9F-D194-3A3B38097C75} = {0D59A723-C5CA-4EB9-85B3-E056810AC188}
		{FD0D6C2C-A828-F244-3775-96DFA3A46493} = {0D59A723-C5CA-4EB9-85B3-E056810AC188}
		{4238997B-1865-4AFE-B5D1-87DA3FF47E5D} = {35C51F58-33DF-4990-BF2A-3341F4FD9160}
		{F767598E-3D6C-490F-8234-880E0FAF70AA} = {35C51F58-33DF-4990-BF2A-3341F4FD9160}
		{8BE7985A-823C-4CEE-ABA5-AE73A0F206FD} = {2FC4A8B3-F070-4809-9298-707A3FA7E4A2}
		{6BCD7E5A-892F-A405-FBAE-605FAB09C47B} = {8BE7985A-823C-4CEE-ABA5-AE73A0F206FD}
		{23AC8C66-B443-649C-1435-60E9F0CBCB14} = {8BE7985A-823C-4CEE-ABA5-AE73A0F206FD}
		{B78C6707-BF9E-4778-8011-3BAE52379DA0} = {2FC4A8B3-F070-4809-9298-707A3FA7E4A2}
		{8644D874-899D-ECD0-536F-0FC31465309B} = {B78C6707-BF9E-4778-8011-3BAE52379DA0}
		{493108DD-4FF4-74CF-DE85-F911553A3F52} = {B78C6707-BF9E-4778-8011-3BAE52379DA0}
		{649B5764-F7A2-4DCF-A052-45B31EECBA5C} = {2FC4A8B3-F070-4809-9298-707A3FA7E4A2}
		{8692D00C-DA3F-4B43-2675-EFA5BFC58744} = {649B5764-F7A2-4DCF-A052-45B31EECBA5C}
		{2E1AAEE4-8690-7B78-A046-CDCC109D9600} = {649B5764-F7A2-4DCF-A052-45B31EECBA5C}
		{32DF6254-C6E8-4B7A-BF5B-B2D87F8486C1} = {2FC4A8B3-F070-4809-9298-707A3FA7E4A2}
		{57419E41-E81D-08DA-9492-C391411062CB} = {32DF6254-C6E8-4B7A-BF5B-B2D87F8486C1}
		{B46B3385-E79F-4279-3756-186B6163D862} = {32DF6254-C6E8-4B7A-BF5B-B2D87F8486C1}
		{519E672A-C3BF-4530-8CC4-B3A5192D171B} = {2FC4A8B3-F070-4809-9298-707A3FA7E4A2}
		{0B5D8B3A-3B4F-C254-B111-1C023C1C3D05} = {519E672A-C3BF-4530-8CC4-B3A5192D171B}
		{3379FCAA-2388-E3E7-6D95-DD16CE62EBD1} = {519E672A-C3BF-4530-8CC4-B3A5192D171B}
		{04ED1911-F571-48C3-A5E3-DBF579A489F0} = {6FD94707-38F9-48D8-A539-F4CDB9472139}
		{1ED214B6-3C19-A8C4-4907-859A1319E324} = {04ED1911-F571-48C3-A5E3-DBF579A489F0}
		{7486D5E2-5E9C-DD93-7705-14BD7F74CB6E} = {04ED1911-F571-48C3-A5E3-DBF579A489F0}
		{AE1C30B7-4D5D-4D5B-8D6E-1419D09D9505} = {6FD94707-38F9-48D8-A539-F4CDB9472139}
		{65F3A76C-E193-9FBB-7E00-52636F82A5C8} = {AE1C30B7-4D5D-4D5B-8D6E-1419D09D9505}
		{C7664035-A012-30FA-608D-C7323A45519B} = {AE1C30B7-4D5D-4D5B-8D6E-1419D09D9505}
		{873BD049-E4D0-400C-B8CB-F35A927E3FA8} = {6FD94707-38F9-48D8-A539-F4CDB9472139}
		{834E0B22-20C9-3AB9-F24A-98D65A6F4C78} = {873BD049-E4D0-400C-B8CB-F35A927E3FA8}
		{6ADE7ACF-449A-1F79-C0E5-1BF0D37038E3} = {873BD049-E4D0-400C-B8CB-F35A927E3FA8}
		{4C3B53E7-3661-486A-9592-5190357B78EB} = {2FC4A8B3-F070-4809-9298-707A3FA7E4A2}
		{37CEB7D4-A2B3-B608-269A-917E685122B7} = {4C3B53E7-3661-486A-9592-5190357B78EB}
		{E619269C-7FCD-C1EC-6243-C8412BB2D6A8} = {4C3B53E7-3661-486A-9592-5190357B78EB}
		{88C495C0-AA07-4AF4-9D67-C92077A605B0} = {2FC4A8B3-F070-4809-9298-707A3FA7E4A2}
		{D368DDD2-23C2-D5D2-D7EB-23DA90C12F8F} = {88C495C0-AA07-4AF4-9D67-C92077A605B0}
		{EFE57096-99F3-CC4E-C8B8-49AF7D941D84} = {88C495C0-AA07-4AF4-9D67-C92077A605B0}
		{E178A268-91AF-4BDB-BDC3-63B4D5D3CBA8} = {2FC4A8B3-F070-4809-9298-707A3FA7E4A2}
		{AFAFAF3E-4DAD-698C-5DF6-EF16F26CA8F5} = {E178A268-91AF-4BDB-BDC3-63B4D5D3CBA8}
		{0416CC97-0FFC-7A16-486F-DADAF553CFA7} = {E178A268-91AF-4BDB-BDC3-63B4D5D3CBA8}
	EndGlobalSection
	GlobalSection(ExtensibilityGlobals) = postSolution
		SolutionGuid = {CCBEDC02-CB37-4131-B705-ABC4CD6E1B25}
	EndGlobalSection
EndGlobal
